
Microsoft Visual Studio Solution File, Format Version 12.00
# Visual Studio Version 17
VisualStudioVersion = 17.10.35004.147
MinimumVisualStudioVersion = 10.0.40219.1
Project("{FAE04EC0-301F-11D3-BF4B-00C04F79EFBC}") = "NorthwindVLA", "NorthwindVLA\NorthwindVLA.csproj", "{5ABFD0A1-1181-4AB5-9847-B9188DAB3C60}"
EndProject
Global
	GlobalSection(SolutionConfigurationPlatforms) = preSolution
		Debug|Any CPU = Debug|Any CPU
		Release|Any CPU = Release|Any CPU
	EndGlobalSection
	GlobalSection(ProjectConfigurationPlatforms) = postSolution
		{5ABFD0A1-1181-4AB5-9847-B9188DAB3C60}.Debug|Any CPU.ActiveCfg = Debug|Any CPU
		{5ABFD0A1-1181-4AB5-9847-B9188DAB3C60}.Debug|Any CPU.Build.0 = Debug|Any CPU
		{5ABFD0A1-1181-4AB5-9847-B9188DAB3C60}.Release|Any CPU.ActiveCfg = Release|Any CPU
		{5ABFD0A1-1181-4AB5-9847-B9188DAB3C60}.Release|Any CPU.Build.0 = Release|Any CPU
	EndGlobalSection
	GlobalSection(SolutionProperties) = preSolution
		HideSolutionNode = FALSE
	EndGlobalSection
	GlobalSection(ExtensibilityGlobals) = postSolution
		SolutionGuid = {E7C4E468-D3C1-4F70-A762-83900B6B0336}
	EndGlobalSection
EndGlobal
